
Microsoft Visual Studio Solution File, Format Version 12.00
# Visual Studio Version 17
VisualStudioVersion = 17.11.35312.102
MinimumVisualStudioVersion = 10.0.40219.1
Project("{FAE04EC0-301F-11D3-BF4B-00C04F79EFBC}") = "Stub", "Stub\Stub.csproj", "{9E27CC53-9551-449A-BAB8-52C7F7BC600A}"
EndProject
Project("{FAE04EC0-301F-11D3-BF4B-00C04F79EFBC}") = "Stub.Tests", "Stub.Tests\Stub.Tests.csproj", "{1CB3B8EC-49EF-411D-825C-7E385BE9AF48}"
EndProject
Global
	GlobalSection(SolutionConfigurationPlatforms) = preSolution
		Debug|Any CPU = Debug|Any CPU
		Release|Any CPU = Release|Any CPU
	EndGlobalSection
	GlobalSection(ProjectConfigurationPlatforms) = postSolution
		{9E27CC53-9551-449A-BAB8-52C7F7BC600A}.Debug|Any CPU.ActiveCfg = Debug|Any CPU
		{9E27CC53-9551-449A-BAB8-52C7F7BC600A}.Debug|Any CPU.Build.0 = Debug|Any CPU
		{9E27CC53-9551-449A-BAB8-52C7F7BC600A}.Release|Any CPU.ActiveCfg = Release|Any CPU
		{9E27CC53-9551-449A-BAB8-52C7F7BC600A}.Release|Any CPU.Build.0 = Release|Any CPU
		{1CB3B8EC-49EF-411D-825C-7E385BE9AF48}.Debug|Any CPU.ActiveCfg = Debug|Any CPU
		{1CB3B8EC-49EF-411D-825C-7E385BE9AF48}.Debug|Any CPU.Build.0 = Debug|Any CPU
		{1CB3B8EC-49EF-411D-825C-7E385BE9AF48}.Release|Any CPU.ActiveCfg = Release|Any CPU
		{1CB3B8EC-49EF-411D-825C-7E385BE9AF48}.Release|Any CPU.Build.0 = Release|Any CPU
	EndGlobalSection
	GlobalSection(SolutionProperties) = preSolution
		HideSolutionNode = FALSE
	EndGlobalSection
	GlobalSection(ExtensibilityGlobals) = postSolution
		SolutionGuid = {FE220E2D-CA07-4BF8-8CFF-B229E8F5F065}
	EndGlobalSection
EndGlobal
